
Microsoft Visual Studio Solution File, Format Version 12.00
# Visual Studio 15
Project("{FAE04EC0-301F-11D3-BF4B-00C04F79EFBC}") = "Unity.Timeline", "Unity.Timeline.csproj", "{0F60DA7F-0711-39DF-C7B8-523FBA971FD2}"
EndProject
Project("{FAE04EC0-301F-11D3-BF4B-00C04F79EFBC}") = "Unity.Timeline.Editor", "Unity.Timeline.Editor.csproj", "{8E5BEA68-111D-7FF4-A32C-92AD49E84D51}"
EndProject
Project("{FAE04EC0-301F-11D3-BF4B-00C04F79EFBC}") = "Unity.2D.Tilemap.Editor", "Unity.2D.Tilemap.Editor.csproj", "{D27767E9-A90B-B60B-F674-46774D4F9FB1}"
EndProject
Project("{FAE04EC0-301F-11D3-BF4B-00C04F79EFBC}") = "Unity.TextMeshPro.Editor", "Unity.TextMeshPro.Editor.csproj", "{AAA9AC60-45C6-5F52-C4D9-96AB57027101}"
EndProject
Project("{FAE04EC0-301F-11D3-BF4B-00C04F79EFBC}") = "Unity.2D.Aseprite.Editor", "Unity.2D.Aseprite.Editor.csproj", "{FAECC508-7AAC-D2D4-3469-55810A4D070E}"
EndProject
Project("{FAE04EC0-301F-11D3-BF4B-00C04F79EFBC}") = "Unity.VisualScripting.Flow", "Unity.VisualScripting.Flow.csproj", "{F7BB2A76-2E60-2013-E1A9-D6F5CF03BD24}"
EndProject
Project("{FAE04EC0-301F-11D3-BF4B-00C04F79EFBC}") = "UnityEditor.UI", "UnityEditor.UI.csproj", "{11AF982A-C51C-A613-FEF3-0891BD408F5A}"
EndProject
Project("{FAE04EC0-301F-11D3-BF4B-00C04F79EFBC}") = "Unity.PlasticSCM.Editor", "Unity.PlasticSCM.Editor.csproj", "{30140B10-AAFC-464C-085B-5DC698E8DD09}"
EndProject
Project("{FAE04EC0-301F-11D3-BF4B-00C04F79EFBC}") = "Unity.2D.Psdimporter.Editor", "Unity.2D.Psdimporter.Editor.csproj", "{A72CD2A1-EF6E-302C-2671-978230234E1E}"
EndProject
Project("{FAE04EC0-301F-11D3-BF4B-00C04F79EFBC}") = "Unity.VisualScripting.Core", "Unity.VisualScripting.Core.csproj", "{4AA58876-B672-E37C-D245-018C46C4BAF9}"
EndProject
Project("{FAE04EC0-301F-11D3-BF4B-00C04F79EFBC}") = "Unity.Mathematics", "Unity.Mathematics.csproj", "{F8083859-1C85-3812-F75D-8D6CF592B315}"
EndProject
Project("{FAE04EC0-301F-11D3-BF4B-00C04F79EFBC}") = "Unity.2D.Animation.Editor", "Unity.2D.Animation.Editor.csproj", "{B9C4F1FE-F561-C2A4-635E-D495B9890589}"
EndProject
Project("{FAE04EC0-301F-11D3-BF4B-00C04F79EFBC}") = "Unity.2D.Common.Path.Editor", "Unity.2D.Common.Path.Editor.csproj", "{01E2243C-4397-A6E2-89DF-ECB0A73698A4}"
EndProject
Project("{FAE04EC0-301F-11D3-BF4B-00C04F79EFBC}") = "Unity.VisualScripting.Core.Editor", "Unity.VisualScripting.Core.Editor.csproj", "{F402CD68-5ACE-1B8F-5646-BCD6CCC70D54}"
EndProject
Project("{FAE04EC0-301F-11D3-BF4B-00C04F79EFBC}") = "Unity.2D.IK.Runtime", "Unity.2D.IK.Runtime.csproj", "{CB28F1BD-067A-0E8C-11D5-08494FC893B6}"
EndProject
Project("{FAE04EC0-301F-11D3-BF4B-00C04F79EFBC}") = "Unity.VisualScripting.Flow.Editor", "Unity.VisualScripting.Flow.Editor.csproj", "{06C8CCEA-60CC-B390-1D6E-0F6C0CE5E54E}"
EndProject
Project("{FAE04EC0-301F-11D3-BF4B-00C04F79EFBC}") = "UnityEditor.TestRunner", "UnityEditor.TestRunner.csproj", "{6D07BAC6-1D31-BD37-A1F1-AD939BBE2362}"
EndProject
Project("{FAE04EC0-301F-11D3-BF4B-00C04F79EFBC}") = "Unity.VisualScripting.SettingsProvider.Editor", "Unity.VisualScripting.SettingsProvider.Editor.csproj", "{F774BBA6-CB07-4724-2B85-F698B08F51E1}"
EndProject
Project("{FAE04EC0-301F-11D3-BF4B-00C04F79EFBC}") = "UnityEngine.TestRunner", "UnityEngine.TestRunner.csproj", "{9AD0E08A-AB6F-153A-F1A1-6043F23AD5CC}"
EndProject
Project("{FAE04EC0-301F-11D3-BF4B-00C04F79EFBC}") = "PsdPlugin", "PsdPlugin.csproj", "{CDA57057-4239-68DA-36D7-3FD7A18BFACD}"
EndProject
Project("{FAE04EC0-301F-11D3-BF4B-00C04F79EFBC}") = "Unity.Burst", "Unity.Burst.csproj", "{2260729C-A530-590B-CD02-EA330E60A7B2}"
EndProject
Project("{FAE04EC0-301F-11D3-BF4B-00C04F79EFBC}") = "UnityEngine.UI", "UnityEngine.UI.csproj", "{19B54381-D825-0726-9EED-401867F5F780}"
EndProject
Project("{FAE04EC0-301F-11D3-BF4B-00C04F79EFBC}") = "Unity.2D.SpriteShape.Editor", "Unity.2D.SpriteShape.Editor.csproj", "{6559C014-3531-A0CB-A2D2-1FF968D5BDA2}"
EndProject
Project("{FAE04EC0-301F-11D3-BF4B-00C04F79EFBC}") = "Unity.Collections", "Unity.Collections.csproj", "{01E81622-09A8-8CDF-1A20-14F9E507F374}"
EndProject
Project("{FAE04EC0-301F-11D3-BF4B-00C04F79EFBC}") = "Unity.VisualStudio.Editor", "Unity.VisualStudio.Editor.csproj", "{663839B0-7AED-00FA-31A9-916DEF498BEA}"
EndProject
Project("{FAE04EC0-301F-11D3-BF4B-00C04F79EFBC}") = "Unity.2D.Tilemap.Extras.Editor", "Unity.2D.Tilemap.Extras.Editor.csproj", "{AEE19795-A677-CBC8-7C92-3ED39EF767B4}"
EndProject
Project("{FAE04EC0-301F-11D3-BF4B-00C04F79EFBC}") = "Unity.Rider.Editor", "Unity.Rider.Editor.csproj", "{8D248810-D125-7E25-488B-A4F19CE38963}"
EndProject
Project("{FAE04EC0-301F-11D3-BF4B-00C04F79EFBC}") = "Unity.InternalAPIEditorBridge.001", "Unity.InternalAPIEditorBridge.001.csproj", "{36710A1F-12D5-4311-1440-BD0C5B8F880F}"
EndProject
Project("{FAE04EC0-301F-11D3-BF4B-00C04F79EFBC}") = "Unity.2D.SpriteShape.Runtime", "Unity.2D.SpriteShape.Runtime.csproj", "{31FF5222-F84B-9A05-0A26-FF2596DFAF79}"
EndProject
Project("{FAE04EC0-301F-11D3-BF4B-00C04F79EFBC}") = "Unity.VisualScripting.State.Editor", "Unity.VisualScripting.State.Editor.csproj", "{09E941C1-3689-97CA-E5E9-CD2656472F4F}"
EndProject
Project("{FAE04EC0-301F-11D3-BF4B-00C04F79EFBC}") = "Unity.2D.Animation.Runtime", "Unity.2D.Animation.Runtime.csproj", "{758C5075-815F-94FE-8DF4-780518D4EBF6}"
EndProject
Project("{FAE04EC0-301F-11D3-BF4B-00C04F79EFBC}") = "Unity.Burst.CodeGen", "Unity.Burst.CodeGen.csproj", "{70E5CAC3-3C02-22EE-2371-D957191A09B8}"
EndProject
Project("{FAE04EC0-301F-11D3-BF4B-00C04F79EFBC}") = "Unity.2D.Tilemap.Extras", "Unity.2D.Tilemap.Extras.csproj", "{258B9D2E-5BBB-53B1-F79E-C2F1FD496CFC}"
EndProject
Project("{FAE04EC0-301F-11D3-BF4B-00C04F79EFBC}") = "Unity.VisualScripting.State", "Unity.VisualScripting.State.csproj", "{64B4751F-F839-341B-5EE2-00170880AA66}"
EndProject
Project("{FAE04EC0-301F-11D3-BF4B-00C04F79EFBC}") = "Unity.TextMeshPro", "Unity.TextMeshPro.csproj", "{E35F61E8-B42C-7D41-8C09-A677C5F4872B}"
EndProject
Project("{FAE04EC0-301F-11D3-BF4B-00C04F79EFBC}") = "Unity.2D.Aseprite.Common", "Unity.2D.Aseprite.Common.csproj", "{39166ECA-F35E-47A7-B184-07AD6B25685B}"
EndProject
Project("{FAE04EC0-301F-11D3-BF4B-00C04F79EFBC}") = "Unity.2D.IK.Editor", "Unity.2D.IK.Editor.csproj", "{2ADF3974-0E2B-3A47-386B-6E3ADB3D6C04}"
EndProject
Project("{FAE04EC0-301F-11D3-BF4B-00C04F79EFBC}") = "Unity.InternalAPIEngineBridge.001", "Unity.InternalAPIEngineBridge.001.csproj", "{3113FBCB-5DFA-59AD-6B15-8E520B874BE7}"
EndProject
Project("{FAE04EC0-301F-11D3-BF4B-00C04F79EFBC}") = "Unity.Burst.Editor", "Unity.Burst.Editor.csproj", "{48AB99E7-4D79-FB8C-E571-B78B77DD17EB}"
EndProject
Project("{FAE04EC0-301F-11D3-BF4B-00C04F79EFBC}") = "Unity.2D.Common.Editor", "Unity.2D.Common.Editor.csproj", "{018B6473-D1CE-80C7-5F97-5D7CFDB4AFD5}"
EndProject
Project("{FAE04EC0-301F-11D3-BF4B-00C04F79EFBC}") = "Unity.2D.Sprite.Editor", "Unity.2D.Sprite.Editor.csproj", "{EA50BD2B-3ABF-A283-8221-E4A9EEB2583C}"
EndProject
Project("{FAE04EC0-301F-11D3-BF4B-00C04F79EFBC}") = "Unity.2D.PixelPerfect", "Unity.2D.PixelPerfect.csproj", "{3EB62574-0108-FCB6-DEDD-473535E53427}"
EndProject
Project("{FAE04EC0-301F-11D3-BF4B-00C04F79EFBC}") = "Unity.2D.PixelPerfect.Editor", "Unity.2D.PixelPerfect.Editor.csproj", "{55D1A9D8-C39A-186B-5942-1F6C336E2CF1}"
EndProject
Project("{FAE04EC0-301F-11D3-BF4B-00C04F79EFBC}") = "Unity.2D.Common.Runtime", "Unity.2D.Common.Runtime.csproj", "{D7043CBB-AFF0-8019-E32F-50998250E289}"
EndProject
Project("{FAE04EC0-301F-11D3-BF4B-00C04F79EFBC}") = "Assembly-CSharp", "Assembly-CSharp.csproj", "{AE2E32BA-1C5A-3E70-F3AE-09CA872CD56D}"
EndProject
Project("{FAE04EC0-301F-11D3-BF4B-00C04F79EFBC}") = "Unity.Mathematics.Editor", "Unity.Mathematics.Editor.csproj", "{1380E412-A808-EE29-8F5B-D85D2FFAD9ED}"
EndProject
Project("{FAE04EC0-301F-11D3-BF4B-00C04F79EFBC}") = "Unity.Collections.BurstCompatibilityGen", "Unity.Collections.BurstCompatibilityGen.csproj", "{BDB49339-6C52-766B-D0F7-F49BDCAE2BC1}"
EndProject
Project("{FAE04EC0-301F-11D3-BF4B-00C04F79EFBC}") = "Unity.VisualScripting.Shared.Editor", "Unity.VisualScripting.Shared.Editor.csproj", "{84414BAC-B05F-4FD7-AC45-5C54E16DD718}"
EndProject
Project("{FAE04EC0-301F-11D3-BF4B-00C04F79EFBC}") = "Unity.Collections.DocCodeSamples", "Unity.Collections.DocCodeSamples.csproj", "{906FE636-2580-859B-9D36-5749A44096B4}"
EndProject
Project("{FAE04EC0-301F-11D3-BF4B-00C04F79EFBC}") = "Unity.CollabProxy.Editor", "Unity.CollabProxy.Editor.csproj", "{D3E7E0DB-B94D-9AEB-810D-35267E296BA3}"
EndProject
Project("{FAE04EC0-301F-11D3-BF4B-00C04F79EFBC}") = "Unity.Timeline", "Unity.Timeline.Player.csproj", "{AC5AB9D9-FB57-A688-AFB1-5555D5CE9FBE}"
EndProject
Project("{FAE04EC0-301F-11D3-BF4B-00C04F79EFBC}") = "Unity.VisualScripting.Flow", "Unity.VisualScripting.Flow.Player.csproj", "{23C6976D-FC2F-D707-2AC8-094B41C5DCED}"
EndProject
Project("{FAE04EC0-301F-11D3-BF4B-00C04F79EFBC}") = "Unity.VisualScripting.Core", "Unity.VisualScripting.Core.Player.csproj", "{F55FE6AE-821B-F683-E152-AD0C792F87DC}"
EndProject
Project("{FAE04EC0-301F-11D3-BF4B-00C04F79EFBC}") = "Unity.Mathematics", "Unity.Mathematics.Player.csproj", "{BE8F4AEC-41E5-3FA3-D97D-93BB71B6D8E9}"
EndProject
Project("{FAE04EC0-301F-11D3-BF4B-00C04F79EFBC}") = "Unity.2D.IK.Runtime", "Unity.2D.IK.Runtime.Player.csproj", "{3EBC99C0-D6B6-779F-1B67-2601EDEE90CF}"
EndProject
Project("{FAE04EC0-301F-11D3-BF4B-00C04F79EFBC}") = "UnityEngine.TestRunner", "UnityEngine.TestRunner.Player.csproj", "{FF3ABA81-8CAD-9A84-1A15-5A73E36100AC}"
EndProject
Project("{FAE04EC0-301F-11D3-BF4B-00C04F79EFBC}") = "Unity.Burst", "Unity.Burst.Player.csproj", "{0DB20F2E-2396-727C-B51B-70DEF350AD91}"
EndProject
Project("{FAE04EC0-301F-11D3-BF4B-00C04F79EFBC}") = "UnityEngine.UI", "UnityEngine.UI.Player.csproj", "{40EEBCD9-96A4-12EF-3075-5661EFA19095}"
EndProject
Project("{FAE04EC0-301F-11D3-BF4B-00C04F79EFBC}") = "Unity.Collections", "Unity.Collections.Player.csproj", "{666DB4DB-9843-3F31-A703-7311E4C0A20F}"
EndProject
Project("{FAE04EC0-301F-11D3-BF4B-00C04F79EFBC}") = "Unity.2D.SpriteShape.Runtime", "Unity.2D.SpriteShape.Runtime.Player.csproj", "{7FE66DAF-43E2-4CC5-44BE-8FB1C7074694}"
EndProject
Project("{FAE04EC0-301F-11D3-BF4B-00C04F79EFBC}") = "Unity.2D.Animation.Runtime", "Unity.2D.Animation.Runtime.Player.csproj", "{2F9FAC8B-13D1-8725-7D73-4E42CA617858}"
EndProject
Project("{FAE04EC0-301F-11D3-BF4B-00C04F79EFBC}") = "Unity.2D.Tilemap.Extras", "Unity.2D.Tilemap.Extras.Player.csproj", "{2D6F5EE5-7933-F303-1D83-AABDCD8A5926}"
EndProject
Project("{FAE04EC0-301F-11D3-BF4B-00C04F79EFBC}") = "Unity.VisualScripting.State", "Unity.VisualScripting.State.Player.csproj", "{82BC8B56-DAB0-DCE4-AD04-9FE3F5B3600D}"
EndProject
Project("{FAE04EC0-301F-11D3-BF4B-00C04F79EFBC}") = "Unity.TextMeshPro", "Unity.TextMeshPro.Player.csproj", "{4945B7B8-1960-7065-A7BB-22E442FB57CC}"
EndProject
Project("{FAE04EC0-301F-11D3-BF4B-00C04F79EFBC}") = "Unity.InternalAPIEngineBridge.001", "Unity.InternalAPIEngineBridge.001.Player.csproj", "{C1427D01-F8DA-A5D7-921B-AFC77FBF5B29}"
EndProject
Project("{FAE04EC0-301F-11D3-BF4B-00C04F79EFBC}") = "Unity.2D.PixelPerfect", "Unity.2D.PixelPerfect.Player.csproj", "{0704DCD1-A84D-E314-4720-28FC9C73771E}"
EndProject
Project("{FAE04EC0-301F-11D3-BF4B-00C04F79EFBC}") = "Unity.2D.Common.Runtime", "Unity.2D.Common.Runtime.Player.csproj", "{1850939B-64FF-88E3-765B-C10139EB2D51}"
EndProject
Project("{FAE04EC0-301F-11D3-BF4B-00C04F79EFBC}") = "Assembly-CSharp", "Assembly-CSharp.Player.csproj", "{4738BB99-4878-959C-2E88-AF6AC189E754}"
EndProject
Global
	GlobalSection(SolutionConfigurationPlatforms) = preSolution
		Debug|Any CPU = Debug|Any CPU
		Release|Any CPU = Release|Any CPU
	EndGlobalSection
	GlobalSection(ProjectConfigurationPlatforms) = postSolution
		{0F60DA7F-0711-39DF-C7B8-523FBA971FD2}.Debug|Any CPU.ActiveCfg = Debug|Any CPU
		{0F60DA7F-0711-39DF-C7B8-523FBA971FD2}.Debug|Any CPU.Build.0 = Debug|Any CPU
		{0F60DA7F-0711-39DF-C7B8-523FBA971FD2}.Release|Any CPU.ActiveCfg = Release|Any CPU
		{0F60DA7F-0711-39DF-C7B8-523FBA971FD2}.Release|Any CPU.Build.0 = Release|Any CPU
		{8E5BEA68-111D-7FF4-A32C-92AD49E84D51}.Debug|Any CPU.ActiveCfg = Debug|Any CPU
		{8E5BEA68-111D-7FF4-A32C-92AD49E84D51}.Debug|Any CPU.Build.0 = Debug|Any CPU
		{8E5BEA68-111D-7FF4-A32C-92AD49E84D51}.Release|Any CPU.ActiveCfg = Release|Any CPU
		{8E5BEA68-111D-7FF4-A32C-92AD49E84D51}.Release|Any CPU.Build.0 = Release|Any CPU
		{D27767E9-A90B-B60B-F674-46774D4F9FB1}.Debug|Any CPU.ActiveCfg = Debug|Any CPU
		{D27767E9-A90B-B60B-F674-46774D4F9FB1}.Debug|Any CPU.Build.0 = Debug|Any CPU
		{D27767E9-A90B-B60B-F674-46774D4F9FB1}.Release|Any CPU.ActiveCfg = Release|Any CPU
		{D27767E9-A90B-B60B-F674-46774D4F9FB1}.Release|Any CPU.Build.0 = Release|Any CPU
		{AAA9AC60-45C6-5F52-C4D9-96AB57027101}.Debug|Any CPU.ActiveCfg = Debug|Any CPU
		{AAA9AC60-45C6-5F52-C4D9-96AB57027101}.Debug|Any CPU.Build.0 = Debug|Any CPU
		{AAA9AC60-45C6-5F52-C4D9-96AB57027101}.Release|Any CPU.ActiveCfg = Release|Any CPU
		{AAA9AC60-45C6-5F52-C4D9-96AB57027101}.Release|Any CPU.Build.0 = Release|Any CPU
		{FAECC508-7AAC-D2D4-3469-55810A4D070E}.Debug|Any CPU.ActiveCfg = Debug|Any CPU
		{FAECC508-7AAC-D2D4-3469-55810A4D070E}.Debug|Any CPU.Build.0 = Debug|Any CPU
		{FAECC508-7AAC-D2D4-3469-55810A4D070E}.Release|Any CPU.ActiveCfg = Release|Any CPU
		{FAECC508-7AAC-D2D4-3469-55810A4D070E}.Release|Any CPU.Build.0 = Release|Any CPU
		{F7BB2A76-2E60-2013-E1A9-D6F5CF03BD24}.Debug|Any CPU.ActiveCfg = Debug|Any CPU
		{F7BB2A76-2E60-2013-E1A9-D6F5CF03BD24}.Debug|Any CPU.Build.0 = Debug|Any CPU
		{F7BB2A76-2E60-2013-E1A9-D6F5CF03BD24}.Release|Any CPU.ActiveCfg = Release|Any CPU
		{F7BB2A76-2E60-2013-E1A9-D6F5CF03BD24}.Release|Any CPU.Build.0 = Release|Any CPU
		{11AF982A-C51C-A613-FEF3-0891BD408F5A}.Debug|Any CPU.ActiveCfg = Debug|Any CPU
		{11AF982A-C51C-A613-FEF3-0891BD408F5A}.Debug|Any CPU.Build.0 = Debug|Any CPU
		{11AF982A-C51C-A613-FEF3-0891BD408F5A}.Release|Any CPU.ActiveCfg = Release|Any CPU
		{11AF982A-C51C-A613-FEF3-0891BD408F5A}.Release|Any CPU.Build.0 = Release|Any CPU
		{30140B10-AAFC-464C-085B-5DC698E8DD09}.Debug|Any CPU.ActiveCfg = Debug|Any CPU
		{30140B10-AAFC-464C-085B-5DC698E8DD09}.Debug|Any CPU.Build.0 = Debug|Any CPU
		{30140B10-AAFC-464C-085B-5DC698E8DD09}.Release|Any CPU.ActiveCfg = Release|Any CPU
		{30140B10-AAFC-464C-085B-5DC698E8DD09}.Release|Any CPU.Build.0 = Release|Any CPU
		{A72CD2A1-EF6E-302C-2671-978230234E1E}.Debug|Any CPU.ActiveCfg = Debug|Any CPU
		{A72CD2A1-EF6E-302C-2671-978230234E1E}.Debug|Any CPU.Build.0 = Debug|Any CPU
		{A72CD2A1-EF6E-302C-2671-978230234E1E}.Release|Any CPU.ActiveCfg = Release|Any CPU
		{A72CD2A1-EF6E-302C-2671-978230234E1E}.Release|Any CPU.Build.0 = Release|Any CPU
		{4AA58876-B672-E37C-D245-018C46C4BAF9}.Debug|Any CPU.ActiveCfg = Debug|Any CPU
		{4AA58876-B672-E37C-D245-018C46C4BAF9}.Debug|Any CPU.Build.0 = Debug|Any CPU
		{4AA58876-B672-E37C-D245-018C46C4BAF9}.Release|Any CPU.ActiveCfg = Release|Any CPU
		{4AA58876-B672-E37C-D245-018C46C4BAF9}.Release|Any CPU.Build.0 = Release|Any CPU
		{F8083859-1C85-3812-F75D-8D6CF592B315}.Debug|Any CPU.ActiveCfg = Debug|Any CPU
		{F8083859-1C85-3812-F75D-8D6CF592B315}.Debug|Any CPU.Build.0 = Debug|Any CPU
		{F8083859-1C85-3812-F75D-8D6CF592B315}.Release|Any CPU.ActiveCfg = Release|Any CPU
		{F8083859-1C85-3812-F75D-8D6CF592B315}.Release|Any CPU.Build.0 = Release|Any CPU
		{B9C4F1FE-F561-C2A4-635E-D495B9890589}.Debug|Any CPU.ActiveCfg = Debug|Any CPU
		{B9C4F1FE-F561-C2A4-635E-D495B9890589}.Debug|Any CPU.Build.0 = Debug|Any CPU
		{B9C4F1FE-F561-C2A4-635E-D495B9890589}.Release|Any CPU.ActiveCfg = Release|Any CPU
		{B9C4F1FE-F561-C2A4-635E-D495B9890589}.Release|Any CPU.Build.0 = Release|Any CPU
		{01E2243C-4397-A6E2-89DF-ECB0A73698A4}.Debug|Any CPU.ActiveCfg = Debug|Any CPU
		{01E2243C-4397-A6E2-89DF-ECB0A73698A4}.Debug|Any CPU.Build.0 = Debug|Any CPU
		{01E2243C-4397-A6E2-89DF-ECB0A73698A4}.Release|Any CPU.ActiveCfg = Release|Any CPU
		{01E2243C-4397-A6E2-89DF-ECB0A73698A4}.Release|Any CPU.Build.0 = Release|Any CPU
		{F402CD68-5ACE-1B8F-5646-BCD6CCC70D54}.Debug|Any CPU.ActiveCfg = Debug|Any CPU
		{F402CD68-5ACE-1B8F-5646-BCD6CCC70D54}.Debug|Any CPU.Build.0 = Debug|Any CPU
		{F402CD68-5ACE-1B8F-5646-BCD6CCC70D54}.Release|Any CPU.ActiveCfg = Release|Any CPU
		{F402CD68-5ACE-1B8F-5646-BCD6CCC70D54}.Release|Any CPU.Build.0 = Release|Any CPU
		{CB28F1BD-067A-0E8C-11D5-08494FC893B6}.Debug|Any CPU.ActiveCfg = Debug|Any CPU
		{CB28F1BD-067A-0E8C-11D5-08494FC893B6}.Debug|Any CPU.Build.0 = Debug|Any CPU
		{CB28F1BD-067A-0E8C-11D5-08494FC893B6}.Release|Any CPU.ActiveCfg = Release|Any CPU
		{CB28F1BD-067A-0E8C-11D5-08494FC893B6}.Release|Any CPU.Build.0 = Release|Any CPU
		{06C8CCEA-60CC-B390-1D6E-0F6C0CE5E54E}.Debug|Any CPU.ActiveCfg = Debug|Any CPU
		{06C8CCEA-60CC-B390-1D6E-0F6C0CE5E54E}.Debug|Any CPU.Build.0 = Debug|Any CPU
		{06C8CCEA-60CC-B390-1D6E-0F6C0CE5E54E}.Release|Any CPU.ActiveCfg = Release|Any CPU
		{06C8CCEA-60CC-B390-1D6E-0F6C0CE5E54E}.Release|Any CPU.Build.0 = Release|Any CPU
		{6D07BAC6-1D31-BD37-A1F1-AD939BBE2362}.Debug|Any CPU.ActiveCfg = Debug|Any CPU
		{6D07BAC6-1D31-BD37-A1F1-AD939BBE2362}.Debug|Any CPU.Build.0 = Debug|Any CPU
		{6D07BAC6-1D31-BD37-A1F1-AD939BBE2362}.Release|Any CPU.ActiveCfg = Release|Any CPU
		{6D07BAC6-1D31-BD37-A1F1-AD939BBE2362}.Release|Any CPU.Build.0 = Release|Any CPU
		{F774BBA6-CB07-4724-2B85-F698B08F51E1}.Debug|Any CPU.ActiveCfg = Debug|Any CPU
		{F774BBA6-CB07-4724-2B85-F698B08F51E1}.Debug|Any CPU.Build.0 = Debug|Any CPU
		{F774BBA6-CB07-4724-2B85-F698B08F51E1}.Release|Any CPU.ActiveCfg = Release|Any CPU
		{F774BBA6-CB07-4724-2B85-F698B08F51E1}.Release|Any CPU.Build.0 = Release|Any CPU
		{9AD0E08A-AB6F-153A-F1A1-6043F23AD5CC}.Debug|Any CPU.ActiveCfg = Debug|Any CPU
		{9AD0E08A-AB6F-153A-F1A1-6043F23AD5CC}.Debug|Any CPU.Build.0 = Debug|Any CPU
		{9AD0E08A-AB6F-153A-F1A1-6043F23AD5CC}.Release|Any CPU.ActiveCfg = Release|Any CPU
		{9AD0E08A-AB6F-153A-F1A1-6043F23AD5CC}.Release|Any CPU.Build.0 = Release|Any CPU
		{CDA57057-4239-68DA-36D7-3FD7A18BFACD}.Debug|Any CPU.ActiveCfg = Debug|Any CPU
		{CDA57057-4239-68DA-36D7-3FD7A18BFACD}.Debug|Any CPU.Build.0 = Debug|Any CPU
		{CDA57057-4239-68DA-36D7-3FD7A18BFACD}.Release|Any CPU.ActiveCfg = Release|Any CPU
		{CDA57057-4239-68DA-36D7-3FD7A18BFACD}.Release|Any CPU.Build.0 = Release|Any CPU
		{2260729C-A530-590B-CD02-EA330E60A7B2}.Debug|Any CPU.ActiveCfg = Debug|Any CPU
		{2260729C-A530-590B-CD02-EA330E60A7B2}.Debug|Any CPU.Build.0 = Debug|Any CPU
		{2260729C-A530-590B-CD02-EA330E60A7B2}.Release|Any CPU.ActiveCfg = Release|Any CPU
		{2260729C-A530-590B-CD02-EA330E60A7B2}.Release|Any CPU.Build.0 = Release|Any CPU
		{19B54381-D825-0726-9EED-401867F5F780}.Debug|Any CPU.ActiveCfg = Debug|Any CPU
		{19B54381-D825-0726-9EED-401867F5F780}.Debug|Any CPU.Build.0 = Debug|Any CPU
		{19B54381-D825-0726-9EED-401867F5F780}.Release|Any CPU.ActiveCfg = Release|Any CPU
		{19B54381-D825-0726-9EED-401867F5F780}.Release|Any CPU.Build.0 = Release|Any CPU
		{6559C014-3531-A0CB-A2D2-1FF968D5BDA2}.Debug|Any CPU.ActiveCfg = Debug|Any CPU
		{6559C014-3531-A0CB-A2D2-1FF968D5BDA2}.Debug|Any CPU.Build.0 = Debug|Any CPU
		{6559C014-3531-A0CB-A2D2-1FF968D5BDA2}.Release|Any CPU.ActiveCfg = Release|Any CPU
		{6559C014-3531-A0CB-A2D2-1FF968D5BDA2}.Release|Any CPU.Build.0 = Release|Any CPU
		{01E81622-09A8-8CDF-1A20-14F9E507F374}.Debug|Any CPU.ActiveCfg = Debug|Any CPU
		{01E81622-09A8-8CDF-1A20-14F9E507F374}.Debug|Any CPU.Build.0 = Debug|Any CPU
		{01E81622-09A8-8CDF-1A20-14F9E507F374}.Release|Any CPU.ActiveCfg = Release|Any CPU
		{01E81622-09A8-8CDF-1A20-14F9E507F374}.Release|Any CPU.Build.0 = Release|Any CPU
		{663839B0-7AED-00FA-31A9-916DEF498BEA}.Debug|Any CPU.ActiveCfg = Debug|Any CPU
		{663839B0-7AED-00FA-31A9-916DEF498BEA}.Debug|Any CPU.Build.0 = Debug|Any CPU
		{663839B0-7AED-00FA-31A9-916DEF498BEA}.Release|Any CPU.ActiveCfg = Release|Any CPU
		{663839B0-7AED-00FA-31A9-916DEF498BEA}.Release|Any CPU.Build.0 = Release|Any CPU
		{AEE19795-A677-CBC8-7C92-3ED39EF767B4}.Debug|Any CPU.ActiveCfg = Debug|Any CPU
		{AEE19795-A677-CBC8-7C92-3ED39EF767B4}.Debug|Any CPU.Build.0 = Debug|Any CPU
		{AEE19795-A677-CBC8-7C92-3ED39EF767B4}.Release|Any CPU.ActiveCfg = Release|Any CPU
		{AEE19795-A677-CBC8-7C92-3ED39EF767B4}.Release|Any CPU.Build.0 = Release|Any CPU
		{8D248810-D125-7E25-488B-A4F19CE38963}.Debug|Any CPU.ActiveCfg = Debug|Any CPU
		{8D248810-D125-7E25-488B-A4F19CE38963}.Debug|Any CPU.Build.0 = Debug|Any CPU
		{8D248810-D125-7E25-488B-A4F19CE38963}.Release|Any CPU.ActiveCfg = Release|Any CPU
		{8D248810-D125-7E25-488B-A4F19CE38963}.Release|Any CPU.Build.0 = Release|Any CPU
		{36710A1F-12D5-4311-1440-BD0C5B8F880F}.Debug|Any CPU.ActiveCfg = Debug|Any CPU
		{36710A1F-12D5-4311-1440-BD0C5B8F880F}.Debug|Any CPU.Build.0 = Debug|Any CPU
		{36710A1F-12D5-4311-1440-BD0C5B8F880F}.Release|Any CPU.ActiveCfg = Release|Any CPU
		{36710A1F-12D5-4311-1440-BD0C5B8F880F}.Release|Any CPU.Build.0 = Release|Any CPU
		{31FF5222-F84B-9A05-0A26-FF2596DFAF79}.Debug|Any CPU.ActiveCfg = Debug|Any CPU
		{31FF5222-F84B-9A05-0A26-FF2596DFAF79}.Debug|Any CPU.Build.0 = Debug|Any CPU
		{31FF5222-F84B-9A05-0A26-FF2596DFAF79}.Release|Any CPU.ActiveCfg = Release|Any CPU
		{31FF5222-F84B-9A05-0A26-FF2596DFAF79}.Release|Any CPU.Build.0 = Release|Any CPU
		{09E941C1-3689-97CA-E5E9-CD2656472F4F}.Debug|Any CPU.ActiveCfg = Debug|Any CPU
		{09E941C1-3689-97CA-E5E9-CD2656472F4F}.Debug|Any CPU.Build.0 = Debug|Any CPU
		{09E941C1-3689-97CA-E5E9-CD2656472F4F}.Release|Any CPU.ActiveCfg = Release|Any CPU
		{09E941C1-3689-97CA-E5E9-CD2656472F4F}.Release|Any CPU.Build.0 = Release|Any CPU
		{758C5075-815F-94FE-8DF4-780518D4EBF6}.Debug|Any CPU.ActiveCfg = Debug|Any CPU
		{758C5075-815F-94FE-8DF4-780518D4EBF6}.Debug|Any CPU.Build.0 = Debug|Any CPU
		{758C5075-815F-94FE-8DF4-780518D4EBF6}.Release|Any CPU.ActiveCfg = Release|Any CPU
		{758C5075-815F-94FE-8DF4-780518D4EBF6}.Release|Any CPU.Build.0 = Release|Any CPU
		{70E5CAC3-3C02-22EE-2371-D957191A09B8}.Debug|Any CPU.ActiveCfg = Debug|Any CPU
		{70E5CAC3-3C02-22EE-2371-D957191A09B8}.Debug|Any CPU.Build.0 = Debug|Any CPU
		{70E5CAC3-3C02-22EE-2371-D957191A09B8}.Release|Any CPU.ActiveCfg = Release|Any CPU
		{70E5CAC3-3C02-22EE-2371-D957191A09B8}.Release|Any CPU.Build.0 = Release|Any CPU
		{258B9D2E-5BBB-53B1-F79E-C2F1FD496CFC}.Debug|Any CPU.ActiveCfg = Debug|Any CPU
		{258B9D2E-5BBB-53B1-F79E-C2F1FD496CFC}.Debug|Any CPU.Build.0 = Debug|Any CPU
		{258B9D2E-5BBB-53B1-F79E-C2F1FD496CFC}.Release|Any CPU.ActiveCfg = Release|Any CPU
		{258B9D2E-5BBB-53B1-F79E-C2F1FD496CFC}.Release|Any CPU.Build.0 = Release|Any CPU
		{64B4751F-F839-341B-5EE2-00170880AA66}.Debug|Any CPU.ActiveCfg = Debug|Any CPU
		{64B4751F-F839-341B-5EE2-00170880AA66}.Debug|Any CPU.Build.0 = Debug|Any CPU
		{64B4751F-F839-341B-5EE2-00170880AA66}.Release|Any CPU.ActiveCfg = Release|Any CPU
		{64B4751F-F839-341B-5EE2-00170880AA66}.Release|Any CPU.Build.0 = Release|Any CPU
		{E35F61E8-B42C-7D41-8C09-A677C5F4872B}.Debug|Any CPU.ActiveCfg = Debug|Any CPU
		{E35F61E8-B42C-7D41-8C09-A677C5F4872B}.Debug|Any CPU.Build.0 = Debug|Any CPU
		{E35F61E8-B42C-7D41-8C09-A677C5F4872B}.Release|Any CPU.ActiveCfg = Release|Any CPU
		{E35F61E8-B42C-7D41-8C09-A677C5F4872B}.Release|Any CPU.Build.0 = Release|Any CPU
		{39166ECA-F35E-47A7-B184-07AD6B25685B}.Debug|Any CPU.ActiveCfg = Debug|Any CPU
		{39166ECA-F35E-47A7-B184-07AD6B25685B}.Debug|Any CPU.Build.0 = Debug|Any CPU
		{39166ECA-F35E-47A7-B184-07AD6B25685B}.Release|Any CPU.ActiveCfg = Release|Any CPU
		{39166ECA-F35E-47A7-B184-07AD6B25685B}.Release|Any CPU.Build.0 = Release|Any CPU
		{2ADF3974-0E2B-3A47-386B-6E3ADB3D6C04}.Debug|Any CPU.ActiveCfg = Debug|Any CPU
		{2ADF3974-0E2B-3A47-386B-6E3ADB3D6C04}.Debug|Any CPU.Build.0 = Debug|Any CPU
		{2ADF3974-0E2B-3A47-386B-6E3ADB3D6C04}.Release|Any CPU.ActiveCfg = Release|Any CPU
		{2ADF3974-0E2B-3A47-386B-6E3ADB3D6C04}.Release|Any CPU.Build.0 = Release|Any CPU
		{3113FBCB-5DFA-59AD-6B15-8E520B874BE7}.Debug|Any CPU.ActiveCfg = Debug|Any CPU
		{3113FBCB-5DFA-59AD-6B15-8E520B874BE7}.Debug|Any CPU.Build.0 = Debug|Any CPU
		{3113FBCB-5DFA-59AD-6B15-8E520B874BE7}.Release|Any CPU.ActiveCfg = Release|Any CPU
		{3113FBCB-5DFA-59AD-6B15-8E520B874BE7}.Release|Any CPU.Build.0 = Release|Any CPU
		{48AB99E7-4D79-FB8C-E571-B78B77DD17EB}.Debug|Any CPU.ActiveCfg = Debug|Any CPU
		{48AB99E7-4D79-FB8C-E571-B78B77DD17EB}.Debug|Any CPU.Build.0 = Debug|Any CPU
		{48AB99E7-4D79-FB8C-E571-B78B77DD17EB}.Release|Any CPU.ActiveCfg = Release|Any CPU
		{48AB99E7-4D79-FB8C-E571-B78B77DD17EB}.Release|Any CPU.Build.0 = Release|Any CPU
		{018B6473-D1CE-80C7-5F97-5D7CFDB4AFD5}.Debug|Any CPU.ActiveCfg = Debug|Any CPU
		{018B6473-D1CE-80C7-5F97-5D7CFDB4AFD5}.Debug|Any CPU.Build.0 = Debug|Any CPU
		{018B6473-D1CE-80C7-5F97-5D7CFDB4AFD5}.Release|Any CPU.ActiveCfg = Release|Any CPU
		{018B6473-D1CE-80C7-5F97-5D7CFDB4AFD5}.Release|Any CPU.Build.0 = Release|Any CPU
		{EA50BD2B-3ABF-A283-8221-E4A9EEB2583C}.Debug|Any CPU.ActiveCfg = Debug|Any CPU
		{EA50BD2B-3ABF-A283-8221-E4A9EEB2583C}.Debug|Any CPU.Build.0 = Debug|Any CPU
		{EA50BD2B-3ABF-A283-8221-E4A9EEB2583C}.Release|Any CPU.ActiveCfg = Release|Any CPU
		{EA50BD2B-3ABF-A283-8221-E4A9EEB2583C}.Release|Any CPU.Build.0 = Release|Any CPU
		{3EB62574-0108-FCB6-DEDD-473535E53427}.Debug|Any CPU.ActiveCfg = Debug|Any CPU
		{3EB62574-0108-FCB6-DEDD-473535E53427}.Debug|Any CPU.Build.0 = Debug|Any CPU
		{3EB62574-0108-FCB6-DEDD-473535E53427}.Release|Any CPU.ActiveCfg = Release|Any CPU
		{3EB62574-0108-FCB6-DEDD-473535E53427}.Release|Any CPU.Build.0 = Release|Any CPU
		{55D1A9D8-C39A-186B-5942-1F6C336E2CF1}.Debug|Any CPU.ActiveCfg = Debug|Any CPU
		{55D1A9D8-C39A-186B-5942-1F6C336E2CF1}.Debug|Any CPU.Build.0 = Debug|Any CPU
		{55D1A9D8-C39A-186B-5942-1F6C336E2CF1}.Release|Any CPU.ActiveCfg = Release|Any CPU
		{55D1A9D8-C39A-186B-5942-1F6C336E2CF1}.Release|Any CPU.Build.0 = Release|Any CPU
		{D7043CBB-AFF0-8019-E32F-50998250E289}.Debug|Any CPU.ActiveCfg = Debug|Any CPU
		{D7043CBB-AFF0-8019-E32F-50998250E289}.Debug|Any CPU.Build.0 = Debug|Any CPU
		{D7043CBB-AFF0-8019-E32F-50998250E289}.Release|Any CPU.ActiveCfg = Release|Any CPU
		{D7043CBB-AFF0-8019-E32F-50998250E289}.Release|Any CPU.Build.0 = Release|Any CPU
		{AE2E32BA-1C5A-3E70-F3AE-09CA872CD56D}.Debug|Any CPU.ActiveCfg = Debug|Any CPU
		{AE2E32BA-1C5A-3E70-F3AE-09CA872CD56D}.Debug|Any CPU.Build.0 = Debug|Any CPU
		{AE2E32BA-1C5A-3E70-F3AE-09CA872CD56D}.Release|Any CPU.ActiveCfg = Release|Any CPU
		{AE2E32BA-1C5A-3E70-F3AE-09CA872CD56D}.Release|Any CPU.Build.0 = Release|Any CPU
		{1380E412-A808-EE29-8F5B-D85D2FFAD9ED}.Debug|Any CPU.ActiveCfg = Debug|Any CPU
		{1380E412-A808-EE29-8F5B-D85D2FFAD9ED}.Debug|Any CPU.Build.0 = Debug|Any CPU
		{1380E412-A808-EE29-8F5B-D85D2FFAD9ED}.Release|Any CPU.ActiveCfg = Release|Any CPU
		{1380E412-A808-EE29-8F5B-D85D2FFAD9ED}.Release|Any CPU.Build.0 = Release|Any CPU
		{BDB49339-6C52-766B-D0F7-F49BDCAE2BC1}.Debug|Any CPU.ActiveCfg = Debug|Any CPU
		{BDB49339-6C52-766B-D0F7-F49BDCAE2BC1}.Debug|Any CPU.Build.0 = Debug|Any CPU
		{BDB49339-6C52-766B-D0F7-F49BDCAE2BC1}.Release|Any CPU.ActiveCfg = Release|Any CPU
		{BDB49339-6C52-766B-D0F7-F49BDCAE2BC1}.Release|Any CPU.Build.0 = Release|Any CPU
		{84414BAC-B05F-4FD7-AC45-5C54E16DD718}.Debug|Any CPU.ActiveCfg = Debug|Any CPU
		{84414BAC-B05F-4FD7-AC45-5C54E16DD718}.Debug|Any CPU.Build.0 = Debug|Any CPU
		{84414BAC-B05F-4FD7-AC45-5C54E16DD718}.Release|Any CPU.ActiveCfg = Release|Any CPU
		{84414BAC-B05F-4FD7-AC45-5C54E16DD718}.Release|Any CPU.Build.0 = Release|Any CPU
		{906FE636-2580-859B-9D36-5749A44096B4}.Debug|Any CPU.ActiveCfg = Debug|Any CPU
		{906FE636-2580-859B-9D36-5749A44096B4}.Debug|Any CPU.Build.0 = Debug|Any CPU
		{906FE636-2580-859B-9D36-5749A44096B4}.Release|Any CPU.ActiveCfg = Release|Any CPU
		{906FE636-2580-859B-9D36-5749A44096B4}.Release|Any CPU.Build.0 = Release|Any CPU
		{D3E7E0DB-B94D-9AEB-810D-35267E296BA3}.Debug|Any CPU.ActiveCfg = Debug|Any CPU
		{D3E7E0DB-B94D-9AEB-810D-35267E296BA3}.Debug|Any CPU.Build.0 = Debug|Any CPU
		{D3E7E0DB-B94D-9AEB-810D-35267E296BA3}.Release|Any CPU.ActiveCfg = Release|Any CPU
		{D3E7E0DB-B94D-9AEB-810D-35267E296BA3}.Release|Any CPU.Build.0 = Release|Any CPU
		{AC5AB9D9-FB57-A688-AFB1-5555D5CE9FBE}.Debug|Any CPU.ActiveCfg = Debug|Any CPU
		{AC5AB9D9-FB57-A688-AFB1-5555D5CE9FBE}.Debug|Any CPU.Build.0 = Debug|Any CPU
		{AC5AB9D9-FB57-A688-AFB1-5555D5CE9FBE}.Release|Any CPU.ActiveCfg = Release|Any CPU
		{AC5AB9D9-FB57-A688-AFB1-5555D5CE9FBE}.Release|Any CPU.Build.0 = Release|Any CPU
		{23C6976D-FC2F-D707-2AC8-094B41C5DCED}.Debug|Any CPU.ActiveCfg = Debug|Any CPU
		{23C6976D-FC2F-D707-2AC8-094B41C5DCED}.Debug|Any CPU.Build.0 = Debug|Any CPU
		{23C6976D-FC2F-D707-2AC8-094B41C5DCED}.Release|Any CPU.ActiveCfg = Release|Any CPU
		{23C6976D-FC2F-D707-2AC8-094B41C5DCED}.Release|Any CPU.Build.0 = Release|Any CPU
		{F55FE6AE-821B-F683-E152-AD0C792F87DC}.Debug|Any CPU.ActiveCfg = Debug|Any CPU
		{F55FE6AE-821B-F683-E152-AD0C792F87DC}.Debug|Any CPU.Build.0 = Debug|Any CPU
		{F55FE6AE-821B-F683-E152-AD0C792F87DC}.Release|Any CPU.ActiveCfg = Release|Any CPU
		{F55FE6AE-821B-F683-E152-AD0C792F87DC}.Release|Any CPU.Build.0 = Release|Any CPU
		{BE8F4AEC-41E5-3FA3-D97D-93BB71B6D8E9}.Debug|Any CPU.ActiveCfg = Debug|Any CPU
		{BE8F4AEC-41E5-3FA3-D97D-93BB71B6D8E9}.Debug|Any CPU.Build.0 = Debug|Any CPU
		{BE8F4AEC-41E5-3FA3-D97D-93BB71B6D8E9}.Release|Any CPU.ActiveCfg = Release|Any CPU
		{BE8F4AEC-41E5-3FA3-D97D-93BB71B6D8E9}.Release|Any CPU.Build.0 = Release|Any CPU
		{3EBC99C0-D6B6-779F-1B67-2601EDEE90CF}.Debug|Any CPU.ActiveCfg = Debug|Any CPU
		{3EBC99C0-D6B6-779F-1B67-2601EDEE90CF}.Debug|Any CPU.Build.0 = Debug|Any CPU
		{3EBC99C0-D6B6-779F-1B67-2601EDEE90CF}.Release|Any CPU.ActiveCfg = Release|Any CPU
		{3EBC99C0-D6B6-779F-1B67-2601EDEE90CF}.Release|Any CPU.Build.0 = Release|Any CPU
		{FF3ABA81-8CAD-9A84-1A15-5A73E36100AC}.Debug|Any CPU.ActiveCfg = Debug|Any CPU
		{FF3ABA81-8CAD-9A84-1A15-5A73E36100AC}.Debug|Any CPU.Build.0 = Debug|Any CPU
		{FF3ABA81-8CAD-9A84-1A15-5A73E36100AC}.Release|Any CPU.ActiveCfg = Release|Any CPU
		{FF3ABA81-8CAD-9A84-1A15-5A73E36100AC}.Release|Any CPU.Build.0 = Release|Any CPU
		{0DB20F2E-2396-727C-B51B-70DEF350AD91}.Debug|Any CPU.ActiveCfg = Debug|Any CPU
		{0DB20F2E-2396-727C-B51B-70DEF350AD91}.Debug|Any CPU.Build.0 = Debug|Any CPU
		{0DB20F2E-2396-727C-B51B-70DEF350AD91}.Release|Any CPU.ActiveCfg = Release|Any CPU
		{0DB20F2E-2396-727C-B51B-70DEF350AD91}.Release|Any CPU.Build.0 = Release|Any CPU
		{40EEBCD9-96A4-12EF-3075-5661EFA19095}.Debug|Any CPU.ActiveCfg = Debug|Any CPU
		{40EEBCD9-96A4-12EF-3075-5661EFA19095}.Debug|Any CPU.Build.0 = Debug|Any CPU
		{40EEBCD9-96A4-12EF-3075-5661EFA19095}.Release|Any CPU.ActiveCfg = Release|Any CPU
		{40EEBCD9-96A4-12EF-3075-5661EFA19095}.Release|Any CPU.Build.0 = Release|Any CPU
		{666DB4DB-9843-3F31-A703-7311E4C0A20F}.Debug|Any CPU.ActiveCfg = Debug|Any CPU
		{666DB4DB-9843-3F31-A703-7311E4C0A20F}.Debug|Any CPU.Build.0 = Debug|Any CPU
		{666DB4DB-9843-3F31-A703-7311E4C0A20F}.Release|Any CPU.ActiveCfg = Release|Any CPU
		{666DB4DB-9843-3F31-A703-7311E4C0A20F}.Release|Any CPU.Build.0 = Release|Any CPU
		{7FE66DAF-43E2-4CC5-44BE-8FB1C7074694}.Debug|Any CPU.ActiveCfg = Debug|Any CPU
		{7FE66DAF-43E2-4CC5-44BE-8FB1C7074694}.Debug|Any CPU.Build.0 = Debug|Any CPU
		{7FE66DAF-43E2-4CC5-44BE-8FB1C7074694}.Release|Any CPU.ActiveCfg = Release|Any CPU
		{7FE66DAF-43E2-4CC5-44BE-8FB1C7074694}.Release|Any CPU.Build.0 = Release|Any CPU
		{2F9FAC8B-13D1-8725-7D73-4E42CA617858}.Debug|Any CPU.ActiveCfg = Debug|Any CPU
		{2F9FAC8B-13D1-8725-7D73-4E42CA617858}.Debug|Any CPU.Build.0 = Debug|Any CPU
		{2F9FAC8B-13D1-8725-7D73-4E42CA617858}.Release|Any CPU.ActiveCfg = Release|Any CPU
		{2F9FAC8B-13D1-8725-7D73-4E42CA617858}.Release|Any CPU.Build.0 = Release|Any CPU
		{2D6F5EE5-7933-F303-1D83-AABDCD8A5926}.Debug|Any CPU.ActiveCfg = Debug|Any CPU
		{2D6F5EE5-7933-F303-1D83-AABDCD8A5926}.Debug|Any CPU.Build.0 = Debug|Any CPU
		{2D6F5EE5-7933-F303-1D83-AABDCD8A5926}.Release|Any CPU.ActiveCfg = Release|Any CPU
		{2D6F5EE5-7933-F303-1D83-AABDCD8A5926}.Release|Any CPU.Build.0 = Release|Any CPU
		{82BC8B56-DAB0-DCE4-AD04-9FE3F5B3600D}.Debug|Any CPU.ActiveCfg = Debug|Any CPU
		{82BC8B56-DAB0-DCE4-AD04-9FE3F5B3600D}.Debug|Any CPU.Build.0 = Debug|Any CPU
		{82BC8B56-DAB0-DCE4-AD04-9FE3F5B3600D}.Release|Any CPU.ActiveCfg = Release|Any CPU
		{82BC8B56-DAB0-DCE4-AD04-9FE3F5B3600D}.Release|Any CPU.Build.0 = Release|Any CPU
		{4945B7B8-1960-7065-A7BB-22E442FB57CC}.Debug|Any CPU.ActiveCfg = Debug|Any CPU
		{4945B7B8-1960-7065-A7BB-22E442FB57CC}.Debug|Any CPU.Build.0 = Debug|Any CPU
		{4945B7B8-1960-7065-A7BB-22E442FB57CC}.Release|Any CPU.ActiveCfg = Release|Any CPU
		{4945B7B8-1960-7065-A7BB-22E442FB57CC}.Release|Any CPU.Build.0 = Release|Any CPU
		{C1427D01-F8DA-A5D7-921B-AFC77FBF5B29}.Debug|Any CPU.ActiveCfg = Debug|Any CPU
		{C1427D01-F8DA-A5D7-921B-AFC77FBF5B29}.Debug|Any CPU.Build.0 = Debug|Any CPU
		{C1427D01-F8DA-A5D7-921B-AFC77FBF5B29}.Release|Any CPU.ActiveCfg = Release|Any CPU
		{C1427D01-F8DA-A5D7-921B-AFC77FBF5B29}.Release|Any CPU.Build.0 = Release|Any CPU
		{0704DCD1-A84D-E314-4720-28FC9C73771E}.Debug|Any CPU.ActiveCfg = Debug|Any CPU
		{0704DCD1-A84D-E314-4720-28FC9C73771E}.Debug|Any CPU.Build.0 = Debug|Any CPU
		{0704DCD1-A84D-E314-4720-28FC9C73771E}.Release|Any CPU.ActiveCfg = Release|Any CPU
		{0704DCD1-A84D-E314-4720-28FC9C73771E}.Release|Any CPU.Build.0 = Release|Any CPU
		{1850939B-64FF-88E3-765B-C10139EB2D51}.Debug|Any CPU.ActiveCfg = Debug|Any CPU
		{1850939B-64FF-88E3-765B-C10139EB2D51}.Debug|Any CPU.Build.0 = Debug|Any CPU
		{1850939B-64FF-88E3-765B-C10139EB2D51}.Release|Any CPU.ActiveCfg = Release|Any CPU
		{1850939B-64FF-88E3-765B-C10139EB2D51}.Release|Any CPU.Build.0 = Release|Any CPU
		{4738BB99-4878-959C-2E88-AF6AC189E754}.Debug|Any CPU.ActiveCfg = Debug|Any CPU
		{4738BB99-4878-959C-2E88-AF6AC189E754}.Debug|Any CPU.Build.0 = Debug|Any CPU
		{4738BB99-4878-959C-2E88-AF6AC189E754}.Release|Any CPU.ActiveCfg = Release|Any CPU
		{4738BB99-4878-959C-2E88-AF6AC189E754}.Release|Any CPU.Build.0 = Release|Any CPU
	EndGlobalSection
	GlobalSection(SolutionProperties) = preSolution
		HideSolutionNode = FALSE
	EndGlobalSection
EndGlobal
